dependencies:
- name: ingress-gateway
  repository: https://artifacthub-phx.oci.oraclecorp.com/artifactory/cgbu-occnp-helm/external-services/
  version: 22.1.4
- name: egress-gateway
  repository: https://artifacthub-phx.oci.oraclecorp.com/artifactory/cgbu-occnp-helm/external-services/
  version: 22.1.4
- name: nrf-client
  repository: https://artifacthub-phx.oci.oraclecorp.com/artifactory/cgbu-occnp-helm/external-services/
  version: 22.1.2
- name: alternate-route
  repository: https://artifacthub-phx.oci.oraclecorp.com/artifactory/cgbu-occnp-helm/external-services/
  version: 22.1.2
- name: diam-gateway
  repository: https://artifacthub-phx.oci.oraclecorp.com/cgbu-occnp-helm/
  version: 22.1.0
- name: diam-connector
  repository: https://artifacthub-phx.oci.oraclecorp.com/cgbu-occnp-helm/
  version: 22.1.0
- name: am-service
  repository: https://artifacthub-phx.oci.oraclecorp.com/cgbu-occnp-helm/
  version: 22.1.0
- name: sm-service
  repository: https://artifacthub-phx.oci.oraclecorp.com/cgbu-occnp-helm/
  version: 22.1.0
- name: ue-service
  repository: https://artifacthub-phx.oci.oraclecorp.com/cgbu-occnp-helm/
  version: 22.1.0
- name: config-server
  repository: https://artifacthub-phx.oci.oraclecorp.com/cgbu-occnp-helm/
  version: 22.1.0
- name: user-service
  repository: https://artifacthub-phx.oci.oraclecorp.com/cgbu-occnp-helm/
  version: 22.1.0
- name: pre-service
  repository: https://artifacthub-phx.oci.oraclecorp.com/cgbu-occnp-helm/
  version: 22.1.0
- name: cm-service
  repository: https://artifacthub-phx.oci.oraclecorp.com/cgbu-occnp-helm/
  version: 22.1.0
- name: perf-info
  repository: https://artifacthub-phx.oci.oraclecorp.com/cgbu-occnp-helm/
  version: 22.1.0
- name: appinfo
  repository: https://artifacthub-phx.oci.oraclecorp.com/cgbu-occnp-helm/
  version: 22.1.0
- name: queryservice
  repository: https://artifacthub-phx.oci.oraclecorp.com/cgbu-occnp-helm/
  version: 22.1.0
- name: bulwark
  repository: https://artifacthub-phx.oci.oraclecorp.com/cgbu-occnp-helm/
  version: 22.1.0
- name: audit-service
  repository: https://artifacthub-phx.oci.oraclecorp.com/cgbu-occnp-helm/
  version: 22.1.0
- name: ldap-gateway
  repository: https://artifacthub-phx.oci.oraclecorp.com/cgbu-occnp-helm/
  version: 22.1.0
- name: policyds
  repository: https://artifacthub-phx.oci.oraclecorp.com/cgbu-occnp-helm/
  version: 22.1.0
- name: binding
  repository: https://artifacthub-phx.oci.oraclecorp.com/cgbu-occnp-helm/
  version: 22.1.0
- name: pcrf-core
  repository: https://artifacthub-phx.oci.oraclecorp.com/cgbu-occnp-helm/
  version: 22.1.0
- name: soap-connector
  repository: https://artifacthub-phx.oci.oraclecorp.com/cgbu-occnp-helm/
  version: 22.1.0
digest: sha256:0323aa4d486e5a0e3bc32742276cbc41d5da05ba047463cef1f39ef6a290b791
generated: "2022-02-25T12:51:28.436702752Z"
